// !$*UTF8*$!
{
	archiveVersion = 1;
	classes = {
	};
	objectVersion = 51;
	objects = {

/* Begin PBXBuildFile section */
		480F03B10C6E93BADF7D375A /* Pods_SuperHeroPedia.framework in Frameworks */ = {isa = PBXBuildFile; fileRef = A74D642B724BD0AE4D912BB5 /* Pods_SuperHeroPedia.framework */; };
		D65BF0E425EC34B300AFAAF2 /* AlertView.xib in Resources */ = {isa = PBXBuildFile; fileRef = D65BF0E325EC34B300AFAAF2 /* AlertView.xib */; };
		D65BF0EB25EC382A00AFAAF2 /* AlertView.swift in Sources */ = {isa = PBXBuildFile; fileRef = D65BF0EA25EC382A00AFAAF2 /* AlertView.swift */; };
		D6A43CFD25EDA88800759754 /* GoogleService-Info.plist in Resources */ = {isa = PBXBuildFile; fileRef = D6A43CFC25EDA88800759754 /* GoogleService-Info.plist */; };
		D6EA927D25E8044B000928D8 /* AppDelegate.swift in Sources */ = {isa = PBXBuildFile; fileRef = D6EA927C25E8044B000928D8 /* AppDelegate.swift */; };
		D6EA927F25E8044B000928D8 /* SceneDelegate.swift in Sources */ = {isa = PBXBuildFile; fileRef = D6EA927E25E8044B000928D8 /* SceneDelegate.swift */; };
		D6EA928125E8044B000928D8 /* ViewController.swift in Sources */ = {isa = PBXBuildFile; fileRef = D6EA928025E8044B000928D8 /* ViewController.swift */; };
		D6EA928425E8044B000928D8 /* Main.storyboard in Resources */ = {isa = PBXBuildFile; fileRef = D6EA928225E8044B000928D8 /* Main.storyboard */; };
		D6EA928625E80450000928D8 /* Assets.xcassets in Resources */ = {isa = PBXBuildFile; fileRef = D6EA928525E80450000928D8 /* Assets.xcassets */; };
		D6EA928925E80450000928D8 /* LaunchScreen.storyboard in Resources */ = {isa = PBXBuildFile; fileRef = D6EA928725E80450000928D8 /* LaunchScreen.storyboard */; };
		D6EA929225E81FB6000928D8 /* LandingViewController.swift in Sources */ = {isa = PBXBuildFile; fileRef = D6EA929125E81FB6000928D8 /* LandingViewController.swift */; };
		D6EA929525E85FE1000928D8 /* RegisterController.swift in Sources */ = {isa = PBXBuildFile; fileRef = D6EA929425E85FE1000928D8 /* RegisterController.swift */; };
/* End PBXBuildFile section */

/* Begin PBXFileReference section */
		050D62E022C0B9844C9C98C4 /* Pods-SuperHeroPedia.release.xcconfig */ = {isa = PBXFileReference; includeInIndex = 1; lastKnownFileType = text.xcconfig; name = "Pods-SuperHeroPedia.release.xcconfig"; path = "Target Support Files/Pods-SuperHeroPedia/Pods-SuperHeroPedia.release.xcconfig"; sourceTree = "<group>"; };
		139FA21D9E6AF7CCB7ED8B63 /* Pods-SuperHeroPedia.debug.xcconfig */ = {isa = PBXFileReference; includeInIndex = 1; lastKnownFileType = text.xcconfig; name = "Pods-SuperHeroPedia.debug.xcconfig"; path = "Target Support Files/Pods-SuperHeroPedia/Pods-SuperHeroPedia.debug.xcconfig"; sourceTree = "<group>"; };
		A74D642B724BD0AE4D912BB5 /* Pods_SuperHeroPedia.framework */ = {isa = PBXFileReference; explicitFileType = wrapper.framework; includeInIndex = 0; path = Pods_SuperHeroPedia.framework; sourceTree = BUILT_PRODUCTS_DIR; };
		D65BF0E325EC34B300AFAAF2 /* AlertView.xib */ = {isa = PBXFileReference; lastKnownFileType = file.xib; path = AlertView.xib; sourceTree = "<group>"; };
		D65BF0EA25EC382A00AFAAF2 /* AlertView.swift */ = {isa = PBXFileReference; lastKnownFileType = sourcecode.swift; path = AlertView.swift; sourceTree = "<group>"; };
		D6A43CFC25EDA88800759754 /* GoogleService-Info.plist */ = {isa = PBXFileReference; fileEncoding = 4; lastKnownFileType = text.plist.xml; path = "GoogleService-Info.plist"; sourceTree = "<group>"; };
		D6EA927925E8044B000928D8 /* SuperHeroPedia.app */ = {isa = PBXFileReference; explicitFileType = wrapper.application; includeInIndex = 0; path = SuperHeroPedia.app; sourceTree = BUILT_PRODUCTS_DIR; };
		D6EA927C25E8044B000928D8 /* AppDelegate.swift */ = {isa = PBXFileReference; lastKnownFileType = sourcecode.swift; path = AppDelegate.swift; sourceTree = "<group>"; };
		D6EA927E25E8044B000928D8 /* SceneDelegate.swift */ = {isa = PBXFileReference; lastKnownFileType = sourcecode.swift; path = SceneDelegate.swift; sourceTree = "<group>"; };
		D6EA928025E8044B000928D8 /* ViewController.swift */ = {isa = PBXFileReference; lastKnownFileType = sourcecode.swift; path = ViewController.swift; sourceTree = "<group>"; };
		D6EA928325E8044B000928D8 /* Base */ = {isa = PBXFileReference; lastKnownFileType = file.storyboard; name = Base; path = Base.lproj/Main.storyboard; sourceTree = "<group>"; };
		D6EA928525E80450000928D8 /* Assets.xcassets */ = {isa = PBXFileReference; lastKnownFileType = folder.assetcatalog; path = Assets.xcassets; sourceTree = "<group>"; };
		D6EA928825E80450000928D8 /* Base */ = {isa = PBXFileReference; lastKnownFileType = file.storyboard; name = Base; path = Base.lproj/LaunchScreen.storyboard; sourceTree = "<group>"; };
		D6EA928A25E80450000928D8 /* Info.plist */ = {isa = PBXFileReference; lastKnownFileType = text.plist.xml; path = Info.plist; sourceTree = "<group>"; };
		D6EA929125E81FB6000928D8 /* LandingViewController.swift */ = {isa = PBXFileReference; lastKnownFileType = sourcecode.swift; path = LandingViewController.swift; sourceTree = "<group>"; };
		D6EA929425E85FE1000928D8 /* RegisterController.swift */ = {isa = PBXFileReference; lastKnownFileType = sourcecode.swift; path = RegisterController.swift; sourceTree = "<group>"; };
/* End PBXFileReference section */

/* Begin PBXFrameworksBuildPhase section */
		D6EA927625E8044B000928D8 /* Frameworks */ = {
			isa = PBXFrameworksBuildPhase;
			buildActionMask = 2147483647;
			files = (
				480F03B10C6E93BADF7D375A /* Pods_SuperHeroPedia.framework in Frameworks */,
			);
			runOnlyForDeploymentPostprocessing = 0;
		};
/* End PBXFrameworksBuildPhase section */

/* Begin PBXGroup section */
		956CD1C39AA31DAADC0928D8 /* Frameworks */ = {
			isa = PBXGroup;
			children = (
				A74D642B724BD0AE4D912BB5 /* Pods_SuperHeroPedia.framework */,
			);
			name = Frameworks;
			sourceTree = "<group>";
		};
		D01A45CED53A931BBF1FB70A /* Pods */ = {
			isa = PBXGroup;
			children = (
				139FA21D9E6AF7CCB7ED8B63 /* Pods-SuperHeroPedia.debug.xcconfig */,
				050D62E022C0B9844C9C98C4 /* Pods-SuperHeroPedia.release.xcconfig */,
			);
			path = Pods;
			sourceTree = "<group>";
		};
		D6EA927025E8044B000928D8 = {
			isa = PBXGroup;
			children = (
				D6EA927B25E8044B000928D8 /* SuperHeroPedia */,
				D6EA927A25E8044B000928D8 /* Products */,
				D01A45CED53A931BBF1FB70A /* Pods */,
				956CD1C39AA31DAADC0928D8 /* Frameworks */,
			);
			sourceTree = "<group>";
		};
		D6EA927A25E8044B000928D8 /* Products */ = {
			isa = PBXGroup;
			children = (
				D6EA927925E8044B000928D8 /* SuperHeroPedia.app */,
			);
			name = Products;
			sourceTree = "<group>";
		};
		D6EA927B25E8044B000928D8 /* SuperHeroPedia */ = {
			isa = PBXGroup;
			children = (
				D6A43CFC25EDA88800759754 /* GoogleService-Info.plist */,
				D6EA927C25E8044B000928D8 /* AppDelegate.swift */,
				D6EA927E25E8044B000928D8 /* SceneDelegate.swift */,
				D6EA929025E81F1D000928D8 /* Controllers */,
				D6EA929325E85B2B000928D8 /* Views */,
				D6EA928525E80450000928D8 /* Assets.xcassets */,
				D6EA928725E80450000928D8 /* LaunchScreen.storyboard */,
				D6EA928A25E80450000928D8 /* Info.plist */,
			);
			path = SuperHeroPedia;
			sourceTree = "<group>";
		};
		D6EA929025E81F1D000928D8 /* Controllers */ = {
			isa = PBXGroup;
			children = (
				D6EA928025E8044B000928D8 /* ViewController.swift */,
				D6EA929125E81FB6000928D8 /* LandingViewController.swift */,
				D6EA929425E85FE1000928D8 /* RegisterController.swift */,
			);
			path = Controllers;
			sourceTree = "<group>";
		};
		D6EA929325E85B2B000928D8 /* Views */ = {
			isa = PBXGroup;
			children = (
				D6EA928225E8044B000928D8 /* Main.storyboard */,
				D65BF0E325EC34B300AFAAF2 /* AlertView.xib */,
				D65BF0EA25EC382A00AFAAF2 /* AlertView.swift */,
			);
			path = Views;
			sourceTree = "<group>";
		};
/* End PBXGroup section */

/* Begin PBXNativeTarget section */
		D6EA927825E8044B000928D8 /* SuperHeroPedia */ = {
			isa = PBXNativeTarget;
			buildConfigurationList = D6EA928D25E80450000928D8 /* Build configuration list for PBXNativeTarget "SuperHeroPedia" */;
			buildPhases = (
				54C4663F020CC5AB465C3393 /* [CP] Check Pods Manifest.lock */,
				D6EA927525E8044B000928D8 /* Sources */,
				D6EA927625E8044B000928D8 /* Frameworks */,
				D6EA927725E8044B000928D8 /* Resources */,
				922B4ECA42FCC2C3AD0EF551 /* [CP] Embed Pods Frameworks */,
			);
			buildRules = (
			);
			dependencies = (
			);
			name = SuperHeroPedia;
			productName = SuperHeroPedia;
			productReference = D6EA927925E8044B000928D8 /* SuperHeroPedia.app */;
			productType = "com.apple.product-type.application";
		};
/* End PBXNativeTarget section */

/* Begin PBXProject section */
		D6EA927125E8044B000928D8 /* Project object */ = {
			isa = PBXProject;
			attributes = {
				LastSwiftUpdateCheck = 1130;
				LastUpgradeCheck = 1130;
				ORGANIZATIONNAME = "Americo MQ";
				TargetAttributes = {
					D6EA927825E8044B000928D8 = {
						CreatedOnToolsVersion = 11.3.1;
					};
				};
			};
			buildConfigurationList = D6EA927425E8044B000928D8 /* Build configuration list for PBXProject "SuperHeroPedia" */;
			compatibilityVersion = "Xcode 9.3";
			developmentRegion = en;
			hasScannedForEncodings = 0;
			knownRegions = (
				en,
				Base,
			);
			mainGroup = D6EA927025E8044B000928D8;
			productRefGroup = D6EA927A25E8044B000928D8 /* Products */;
			projectDirPath = "";
			projectRoot = "";
			targets = (
				D6EA927825E8044B000928D8 /* SuperHeroPedia */,
			);
		};
/* End PBXProject section */

/* Begin PBXResourcesBuildPhase section */
		D6EA927725E8044B000928D8 /* Resources */ = {
			isa = PBXResourcesBuildPhase;
			buildActionMask = 2147483647;
			files = (
				D6EA928925E80450000928D8 /* LaunchScreen.storyboard in Resources */,
				D65BF0E425EC34B300AFAAF2 /* AlertView.xib in Resources */,
				D6A43CFD25EDA88800759754 /* GoogleService-Info.plist in Resources */,
				D6EA928625E80450000928D8 /* Assets.xcassets in Resources */,
				D6EA928425E8044B000928D8 /* Main.storyboard in Resources */,
			);
			runOnlyForDeploymentPostprocessing = 0;
		};
/* End PBXResourcesBuildPhase section */

/* Begin PBXShellScriptBuildPhase section */
		54C4663F020CC5AB465C3393 /* [CP] Check Pods Manifest.lock */ = {
			isa = PBXShellScriptBuildPhase;
			buildActionMask = 2147483647;
			files = (
			);
			inputFileListPaths = (
			);
			inputPaths = (
				"${PODS_PODFILE_DIR_PATH}/Podfile.lock",
				"${PODS_ROOT}/Manifest.lock",
			);
			name = "[CP] Check Pods Manifest.lock";
			outputFileListPaths = (
			);
			outputPaths = (
				"$(DERIVED_FILE_DIR)/Pods-SuperHeroPedia-checkManifestLockResult.txt",
			);
			runOnlyForDeploymentPostprocessing = 0;
			shellPath = /bin/sh;
			shellScript = "diff \"${PODS_PODFILE_DIR_PATH}/Podfile.lock\" \"${PODS_ROOT}/Manifest.lock\" > /dev/null\nif [ $? != 0 ] ; then\n    # print error to STDERR\n    echo \"error: The sandbox is not in sync with the Podfile.lock. Run 'pod install' or update your CocoaPods installation.\" >&2\n    exit 1\nfi\n# This output is used by Xcode 'outputs' to avoid re-running this script phase.\necho \"SUCCESS\" > \"${SCRIPT_OUTPUT_FILE_0}\"\n";
			showEnvVarsInLog = 0;
		};
		922B4ECA42FCC2C3AD0EF551 /* [CP] Embed Pods Frameworks */ = {
			isa = PBXShellScriptBuildPhase;
			buildActionMask = 2147483647;
			files = (
			);
			inputFileListPaths = (
				"${PODS_ROOT}/Target Support Files/Pods-SuperHeroPedia/Pods-SuperHeroPedia-frameworks-${CONFIGURATION}-input-files.xcfilelist",
			);
			name = "[CP] Embed Pods Frameworks";
			outputFileListPaths = (
				"${PODS_ROOT}/Target Support Files/Pods-SuperHeroPedia/Pods-SuperHeroPedia-frameworks-${CONFIGURATION}-output-files.xcfilelist",
			);
			runOnlyForDeploymentPostprocessing = 0;
			shellPath = /bin/sh;
			shellScript = "\"${PODS_ROOT}/Target Support Files/Pods-SuperHeroPedia/Pods-SuperHeroPedia-frameworks.sh\"\n";
			showEnvVarsInLog = 0;
		};
/* End PBXShellScriptBuildPhase section */

/* Begin PBXSourcesBuildPhase section */
		D6EA927525E8044B000928D8 /* Sources */ = {
			isa = PBXSourcesBuildPhase;
			buildActionMask = 2147483647;
			files = (
				D6EA929525E85FE1000928D8 /* RegisterController.swift in Sources */,
				D6EA928125E8044B000928D8 /* ViewController.swift in Sources */,
				D6EA927D25E8044B000928D8 /* AppDelegate.swift in Sources */,
				D6EA929225E81FB6000928D8 /* LandingViewController.swift in Sources */,
				D6EA927F25E8044B000928D8 /* SceneDelegate.swift in Sources */,
				D65BF0EB25EC382A00AFAAF2 /* AlertView.swift in Sources */,
			);
			runOnlyForDeploymentPostprocessing = 0;
		};
/* End PBXSourcesBuildPhase section */

/* Begin PBXVariantGroup section */
		D6EA928225E8044B000928D8 /* Main.storyboard */ = {
			isa = PBXVariantGroup;
			children = (
				D6EA928325E8044B000928D8 /* Base */,
			);
			name = Main.storyboard;
			sourceTree = "<group>";
		};
		D6EA928725E80450000928D8 /* LaunchScreen.storyboard */ = {
			isa = PBXVariantGroup;
			children = (
				D6EA928825E80450000928D8 /* Base */,
			);
			name = LaunchScreen.storyboard;
			sourceTree = "<group>";
		};
/* End PBXVariantGroup section */

/* Begin XCBuildConfiguration section */
		D6EA928B25E80450000928D8 /* Debug */ = {
			isa = XCBuildConfiguration;
			buildSettings = {
				ALWAYS_SEARCH_USER_PATHS = NO;
				CLANG_ANALYZER_NONNULL = YES;
				CLANG_ANALYZER_NUMBER_OBJECT_CONVERSION = YES_AGGRESSIVE;
				CLANG_CXX_LANGUAGE_STANDARD = "gnu++14";
				CLANG_CXX_LIBRARY = "libc++";
				CLANG_ENABLE_MODULES = YES;
				CLANG_ENABLE_OBJC_ARC = YES;
				CLANG_ENABLE_OBJC_WEAK = YES;
				CLANG_WARN_BLOCK_CAPTURE_AUTORELEASING = YES;
				CLANG_WARN_BOOL_CONVERSION = YES;
				CLANG_WARN_COMMA = YES;
				CLANG_WARN_CONSTANT_CONVERSION = YES;
				CLANG_WARN_DEPRECATED_OBJC_IMPLEMENTATIONS = YES;
				CLANG_WARN_DIRECT_OBJC_ISA_USAGE = YES_ERROR;
				CLANG_WARN_DOCUMENTATION_COMMENTS = YES;
				CLANG_WARN_EMPTY_BODY = YES;
				CLANG_WARN_ENUM_CONVERSION = YES;
				CLANG_WARN_INFINITE_RECURSION = YES;
				CLANG_WARN_INT_CONVERSION = YES;
				CLANG_WARN_NON_LITERAL_NULL_CONVERSION = YES;
				CLANG_WARN_OBJC_IMPLICIT_RETAIN_SELF = YES;
				CLANG_WARN_OBJC_LITERAL_CONVERSION = YES;
				CLANG_WARN_OBJC_ROOT_CLASS = YES_ERROR;
				CLANG_WARN_RANGE_LOOP_ANALYSIS = YES;
				CLANG_WARN_STRICT_PROTOTYPES = YES;
				CLANG_WARN_SUSPICIOUS_MOVE = YES;
				CLANG_WARN_UNGUARDED_AVAILABILITY = YES_AGGRESSIVE;
				CLANG_WARN_UNREACHABLE_CODE = YES;
				CLANG_WARN__DUPLICATE_METHOD_MATCH = YES;
				COPY_PHASE_STRIP = NO;
				DEBUG_INFORMATION_FORMAT = dwarf;
				ENABLE_STRICT_OBJC_MSGSEND = YES;
				ENABLE_TESTABILITY = YES;
				GCC_C_LANGUAGE_STANDARD = gnu11;
				GCC_DYNAMIC_NO_PIC = NO;
				GCC_NO_COMMON_BLOCKS = YES;
				GCC_OPTIMIZATION_LEVEL = 0;
				GCC_PREPROCESSOR_DEFINITIONS = (
					"DEBUG=1",
					"$(inherited)",
				);
				GCC_WARN_64_TO_32_BIT_CONVERSION = YES;
				GCC_WARN_ABOUT_RETURN_TYPE = YES_ERROR;
				GCC_WARN_UNDECLARED_SELECTOR = YES;
				GCC_WARN_UNINITIALIZED_AUTOS = YES_AGGRESSIVE;
				GCC_WARN_UNUSED_FUNCTION = YES;
				GCC_WARN_UNUSED_VARIABLE = YES;
				IPHONEOS_DEPLOYMENT_TARGET = 13.2;
				MTL_ENABLE_DEBUG_INFO = INCLUDE_SOURCE;
				MTL_FAST_MATH = YES;
				ONLY_ACTIVE_ARCH = YES;
				SDKROOT = iphoneos;
				SWIFT_ACTIVE_COMPILATION_CONDITIONS = DEBUG;
				SWIFT_OPTIMIZATION_LEVEL = "-Onone";
			};
			name = Debug;
		};
		D6EA928C25E80450000928D8 /* Release */ = {
			isa = XCBuildConfiguration;
			buildSettings = {
				ALWAYS_SEARCH_USER_PATHS = NO;
				CLANG_ANALYZER_NONNULL = YES;
				CLANG_ANALYZER_NUMBER_OBJECT_CONVERSION = YES_AGGRESSIVE;
				CLANG_CXX_LANGUAGE_STANDARD = "gnu++14";
				CLANG_CXX_LIBRARY = "libc++";
				CLANG_ENABLE_MODULES = YES;
				CLANG_ENABLE_OBJC_ARC = YES;
				CLANG_ENABLE_OBJC_WEAK = YES;
				CLANG_WARN_BLOCK_CAPTURE_AUTORELEASING = YES;
				CLANG_WARN_BOOL_CONVERSION = YES;
				CLANG_WARN_COMMA = YES;
				CLANG_WARN_CONSTANT_CONVERSION = YES;
				CLANG_WARN_DEPRECATED_OBJC_IMPLEMENTATIONS = YES;
				CLANG_WARN_DIRECT_OBJC_ISA_USAGE = YES_ERROR;
				CLANG_WARN_DOCUMENTATION_COMMENTS = YES;
				CLANG_WARN_EMPTY_BODY = YES;
				CLANG_WARN_ENUM_CONVERSION = YES;
				CLANG_WARN_INFINITE_RECURSION = YES;
				CLANG_WARN_INT_CONVERSION = YES;
				CLANG_WARN_NON_LITERAL_NULL_CONVERSION = YES;
				CLANG_WARN_OBJC_IMPLICIT_RETAIN_SELF = YES;
				CLANG_WARN_OBJC_LITERAL_CONVERSION = YES;
				CLANG_WARN_OBJC_ROOT_CLASS = YES_ERROR;
				CLANG_WARN_RANGE_LOOP_ANALYSIS = YES;
				CLANG_WARN_STRICT_PROTOTYPES = YES;
				CLANG_WARN_SUSPICIOUS_MOVE = YES;
				CLANG_WARN_UNGUARDED_AVAILABILITY = YES_AGGRESSIVE;
				CLANG_WARN_UNREACHABLE_CODE = YES;
				CLANG_WARN__DUPLICATE_METHOD_MATCH = YES;
				COPY_PHASE_STRIP = NO;
				DEBUG_INFORMATION_FORMAT = "dwarf-with-dsym";
				ENABLE_NS_ASSERTIONS = NO;
				ENABLE_STRICT_OBJC_MSGSEND = YES;
				GCC_C_LANGUAGE_STANDARD = gnu11;
				GCC_NO_COMMON_BLOCKS = YES;
				GCC_WARN_64_TO_32_BIT_CONVERSION = YES;
				GCC_WARN_ABOUT_RETURN_TYPE = YES_ERROR;
				GCC_WARN_UNDECLARED_SELECTOR = YES;
				GCC_WARN_UNINITIALIZED_AUTOS = YES_AGGRESSIVE;
				GCC_WARN_UNUSED_FUNCTION = YES;
				GCC_WARN_UNUSED_VARIABLE = YES;
				IPHONEOS_DEPLOYMENT_TARGET = 13.2;
				MTL_ENABLE_DEBUG_INFO = NO;
				MTL_FAST_MATH = YES;
				SDKROOT = iphoneos;
				SWIFT_COMPILATION_MODE = wholemodule;
				SWIFT_OPTIMIZATION_LEVEL = "-O";
				VALIDATE_PRODUCT = YES;
			};
			name = Release;
		};
		D6EA928E25E80450000928D8 /* Debug */ = {
			isa = XCBuildConfiguration;
			baseConfigurationReference = 139FA21D9E6AF7CCB7ED8B63 /* Pods-SuperHeroPedia.debug.xcconfig */;
			buildSettings = {
				ASSETCATALOG_COMPILER_APPICON_NAME = AppIcon;
				CODE_SIGN_STYLE = Automatic;
				DEVELOPMENT_TEAM = YWS45A278U;
				INFOPLIST_FILE = SuperHeroPedia/Info.plist;
				LD_RUNPATH_SEARCH_PATHS = (
					"$(inherited)",
					"@executable_path/Frameworks",
				);
				PRODUCT_BUNDLE_IDENTIFIER = SuperHeroPedia.americo.com.SuperHeroPedia;
				PRODUCT_NAME = "$(TARGET_NAME)";
				SWIFT_VERSION = 5.0;
				TARGETED_DEVICE_FAMILY = "1,2";
			};
			name = Debug;
		};
		D6EA928F25E80450000928D8 /* Release */ = {
			isa = XCBuildConfiguration;
			baseConfigurationReference = 050D62E022C0B9844C9C98C4 /* Pods-SuperHeroPedia.release.xcconfig */;
			buildSettings = {
				ASSETCATALOG_COMPILER_APPICON_NAME = AppIcon;
				CODE_SIGN_STYLE = Automatic;
				DEVELOPMENT_TEAM = YWS45A278U;
				INFOPLIST_FILE = SuperHeroPedia/Info.plist;
				LD_RUNPATH_SEARCH_PATHS = (
					"$(inherited)",
					"@executable_path/Frameworks",
				);
				PRODUCT_BUNDLE_IDENTIFIER = SuperHeroPedia.americo.com.SuperHeroPedia;
				PRODUCT_NAME = "$(TARGET_NAME)";
				SWIFT_VERSION = 5.0;
				TARGETED_DEVICE_FAMILY = "1,2";
			};
			name = Release;
		};
/* End XCBuildConfiguration section */

/* Begin XCConfigurationList section */
		D6EA927425E8044B000928D8 /* Build configuration list for PBXProject "SuperHeroPedia" */ = {
			isa = XCConfigurationList;
			buildConfigurations = (
				D6EA928B25E80450000928D8 /* Debug */,
				D6EA928C25E80450000928D8 /* Release */,
			);
			defaultConfigurationIsVisible = 0;
			defaultConfigurationName = Release;
		};
		D6EA928D25E80450000928D8 /* Build configuration list for PBXNativeTarget "SuperHeroPedia" */ = {
			isa = XCConfigurationList;
			buildConfigurations = (
				D6EA928E25E80450000928D8 /* Debug */,
				D6EA928F25E80450000928D8 /* Release */,
			);
			defaultConfigurationIsVisible = 0;
			defaultConfigurationName = Release;
		};
/* End XCConfigurationList section */
	};
	rootObject = D6EA927125E8044B000928D8 /* Project object */;
}
